
Microsoft Visual Studio Solution File, Format Version 12.00
# Visual Studio Version 17
VisualStudioVersion = 17.14.37203.1
MinimumVisualStudioVersion = 10.0.40219.1
Project("{FAE04EC0-301F-11D3-BF4B-00C04F79EFBC}") = "Schedule.DAL", "Schedule.DAL\Schedule.DAL.csproj", "{FCE2F0C2-6F81-43FA-899D-EC96D2ACB001}"
EndProject
Project("{FAE04EC0-301F-11D3-BF4B-00C04F79EFBC}") = "Schedule.BLL", "Schedule.BLL\Schedule.BLL.csproj", "{A67FB57A-9DF5-4197-BF1B-ED3AD78795CE}"
EndProject
Project("{FAE04EC0-301F-11D3-BF4B-00C04F79EFBC}") = "Schedule.Tests", "Schedule.Tests\Schedule.Tests.csproj", "{4A31FA10-AFA1-47DF-AD21-D1CC5656F99E}"
EndProject
Project("{FAE04EC0-301F-11D3-BF4B-00C04F79EFBC}") = "Schedule.API", "Schedule.API\Schedule.API.csproj", "{E11C314B-92AC-4302-9ADA-BCB579650CAC}"
EndProject
Global
	GlobalSection(SolutionConfigurationPlatforms) = preSolution
		Debug|Any CPU = Debug|Any CPU
		Release|Any CPU = Release|Any CPU
	EndGlobalSection
	GlobalSection(ProjectConfigurationPlatforms) = postSolution
		{FCE2F0C2-6F81-43FA-899D-EC96D2ACB001}.Debug|Any CPU.ActiveCfg = Debug|Any CPU
		{FCE2F0C2-6F81-43FA-899D-EC96D2ACB001}.Debug|Any CPU.Build.0 = Debug|Any CPU
		{FCE2F0C2-6F81-43FA-899D-EC96D2ACB001}.Release|Any CPU.ActiveCfg = Release|Any CPU
		{FCE2F0C2-6F81-43FA-899D-EC96D2ACB001}.Release|Any CPU.Build.0 = Release|Any CPU
		{A67FB57A-9DF5-4197-BF1B-ED3AD78795CE}.Debug|Any CPU.ActiveCfg = Debug|Any CPU
		{A67FB57A-9DF5-4197-BF1B-ED3AD78795CE}.Debug|Any CPU.Build.0 = Debug|Any CPU
		{A67FB57A-9DF5-4197-BF1B-ED3AD78795CE}.Release|Any CPU.ActiveCfg = Release|Any CPU
		{A67FB57A-9DF5-4197-BF1B-ED3AD78795CE}.Release|Any CPU.Build.0 = Release|Any CPU
		{4A31FA10-AFA1-47DF-AD21-D1CC5656F99E}.Debug|Any CPU.ActiveCfg = Debug|Any CPU
		{4A31FA10-AFA1-47DF-AD21-D1CC5656F99E}.Debug|Any CPU.Build.0 = Debug|Any CPU
		{4A31FA10-AFA1-47DF-AD21-D1CC5656F99E}.Release|Any CPU.ActiveCfg = Release|Any CPU
		{4A31FA10-AFA1-47DF-AD21-D1CC5656F99E}.Release|Any CPU.Build.0 = Release|Any CPU
		{E11C314B-92AC-4302-9ADA-BCB579650CAC}.Debug|Any CPU.ActiveCfg = Debug|Any CPU
		{E11C314B-92AC-4302-9ADA-BCB579650CAC}.Debug|Any CPU.Build.0 = Debug|Any CPU
		{E11C314B-92AC-4302-9ADA-BCB579650CAC}.Release|Any CPU.ActiveCfg = Release|Any CPU
		{E11C314B-92AC-4302-9ADA-BCB579650CAC}.Release|Any CPU.Build.0 = Release|Any CPU
	EndGlobalSection
	GlobalSection(SolutionProperties) = preSolution
		HideSolutionNode = FALSE
	EndGlobalSection
	GlobalSection(ExtensibilityGlobals) = postSolution
		SolutionGuid = {6ED6E0A0-31E2-4C0B-8806-2E0A93934132}
	EndGlobalSection
EndGlobal
